// !$*UTF8*$!
{
	archiveVersion = 1;
	classes = {
	};
	objectVersion = 46;
	objects = {

/* Begin PBXBuildFile section */
		B24D0A941E70481400B945D5 /* product_info.cpp in Sources */ = {isa = PBXBuildFile; fileRef = B24D0A921E70481400B945D5 /* product_info.cpp */; };
		B24D0A971E70BE6900B945D5 /* login.cpp in Sources */ = {isa = PBXBuildFile; fileRef = B24D0A951E70BE6900B945D5 /* login.cpp */; };
		B27BE1B11E4CD638009EB9CB /* main.cpp in Sources */ = {isa = PBXBuildFile; fileRef = B27BE1B01E4CD638009EB9CB /* main.cpp */; };
/* End PBXBuildFile section */

/* Begin PBXCopyFilesBuildPhase section */
		B27BE1AB1E4CD638009EB9CB /* CopyFiles */ = {
			isa = PBXCopyFilesBuildPhase;
			buildActionMask = 2147483647;
			dstPath = /usr/share/man/man1/;
			dstSubfolderSpec = 0;
			files = (
			);
			runOnlyForDeploymentPostprocessing = 1;
		};
/* End PBXCopyFilesBuildPhase section */

/* Begin PBXFileReference section */
		B24D0A921E70481400B945D5 /* product_info.cpp */ = {isa = PBXFileReference; fileEncoding = 4; lastKnownFileType = sourcecode.cpp.cpp; path = product_info.cpp; sourceTree = "<group>"; };
		B24D0A931E70481400B945D5 /* product_info.hpp */ = {isa = PBXFileReference; fileEncoding = 4; lastKnownFileType = sourcecode.cpp.h; path = product_info.hpp; sourceTree = "<group>"; };
		B24D0A951E70BE6900B945D5 /* login.cpp */ = {isa = PBXFileReference; fileEncoding = 4; lastKnownFileType = sourcecode.cpp.cpp; path = login.cpp; sourceTree = "<group>"; };
		B24D0A961E70BE6900B945D5 /* login.hpp */ = {isa = PBXFileReference; fileEncoding = 4; lastKnownFileType = sourcecode.cpp.h; path = login.hpp; sourceTree = "<group>"; };
		B27BE1AD1E4CD638009EB9CB /* Super market  database */ = {isa = PBXFileReference; explicitFileType = "compiled.mach-o.executable"; includeInIndex = 0; path = "Super market  database"; sourceTree = BUILT_PRODUCTS_DIR; };
		B27BE1B01E4CD638009EB9CB /* main.cpp */ = {isa = PBXFileReference; lastKnownFileType = sourcecode.cpp.cpp; name = main.cpp; path = "Super market  database/main.cpp"; sourceTree = "<group>"; };
/* End PBXFileReference section */

/* Begin PBXFrameworksBuildPhase section */
		B27BE1AA1E4CD638009EB9CB /* Frameworks */ = {
			isa = PBXFrameworksBuildPhase;
			buildActionMask = 2147483647;
			files = (
			);
			runOnlyForDeploymentPostprocessing = 0;
		};
/* End PBXFrameworksBuildPhase section */

/* Begin PBXGroup section */
		B27BE1A41E4CD638009EB9CB = {
			isa = PBXGroup;
			children = (
				B24D0A921E70481400B945D5 /* product_info.cpp */,
				B24D0A951E70BE6900B945D5 /* login.cpp */,
				B24D0A961E70BE6900B945D5 /* login.hpp */,
				B24D0A931E70481400B945D5 /* product_info.hpp */,
				B27BE1B01E4CD638009EB9CB /* main.cpp */,
				B27BE1AF1E4CD638009EB9CB /* Super market  database */,
				B27BE1AE1E4CD638009EB9CB /* Products */,
			);
			sourceTree = "<group>";
		};
		B27BE1AE1E4CD638009EB9CB /* Products */ = {
			isa = PBXGroup;
			children = (
				B27BE1AD1E4CD638009EB9CB /* Super market  database */,
			);
			name = Products;
			sourceTree = "<group>";
		};
		B27BE1AF1E4CD638009EB9CB /* Super market  database */ = {
			isa = PBXGroup;
			children = (
			);
			path = "Super market  database";
			sourceTree = "<group>";
		};
/* End PBXGroup section */

/* Begin PBXNativeTarget section */
		B27BE1AC1E4CD638009EB9CB /* Super market  database */ = {
			isa = PBXNativeTarget;
			buildConfigurationList = B27BE1B41E4CD638009EB9CB /* Build configuration list for PBXNativeTarget "Super market  database" */;
			buildPhases = (
				B27BE1A91E4CD638009EB9CB /* Sources */,
				B27BE1AA1E4CD638009EB9CB /* Frameworks */,
				B27BE1AB1E4CD638009EB9CB /* CopyFiles */,
			);
			buildRules = (
			);
			dependencies = (
			);
			name = "Super market  database";
			productName = "Super market  database";
			productReference = B27BE1AD1E4CD638009EB9CB /* Super market  database */;
			productType = "com.apple.product-type.tool";
		};
/* End PBXNativeTarget section */

/* Begin PBXProject section */
		B27BE1A51E4CD638009EB9CB /* Project object */ = {
			isa = PBXProject;
			attributes = {
				LastUpgradeCheck = 0820;
				ORGANIZATIONNAME = "Muhtashim Mannan";
				TargetAttributes = {
					B27BE1AC1E4CD638009EB9CB = {
						CreatedOnToolsVersion = 8.2.1;
						ProvisioningStyle = Automatic;
					};
				};
			};
			buildConfigurationList = B27BE1A81E4CD638009EB9CB /* Build configuration list for PBXProject "Super market  database" */;
			compatibilityVersion = "Xcode 3.2";
			developmentRegion = English;
			hasScannedForEncodings = 0;
			knownRegions = (
				en,
			);
			mainGroup = B27BE1A41E4CD638009EB9CB;
			productRefGroup = B27BE1AE1E4CD638009EB9CB /* Products */;
			projectDirPath = "";
			projectRoot = "";
			targets = (
				B27BE1AC1E4CD638009EB9CB /* Super market  database */,
			);
		};
/* End PBXProject section */

/* Begin PBXSourcesBuildPhase section */
		B27BE1A91E4CD638009EB9CB /* Sources */ = {
			isa = PBXSourcesBuildPhase;
			buildActionMask = 2147483647;
			files = (
				B27BE1B11E4CD638009EB9CB /* main.cpp in Sources */,
				B24D0A971E70BE6900B945D5 /* login.cpp in Sources */,
				B24D0A941E70481400B945D5 /* product_info.cpp in Sources */,
			);
			runOnlyForDeploymentPostprocessing = 0;
		};
/* End PBXSourcesBuildPhase section */

/* Begin XCBuildConfiguration section */
		B27BE1B21E4CD638009EB9CB /* Debug */ = {
			isa = XCBuildConfiguration;
			buildSettings = {
				ALWAYS_SEARCH_USER_PATHS = NO;
				CLANG_ANALYZER_NONNULL = YES;
				CLANG_CXX_LANGUAGE_STANDARD = "gnu++0x";
				CLANG_CXX_LIBRARY = "libc++";
				CLANG_ENABLE_MODULES = YES;
				CLANG_ENABLE_OBJC_ARC = YES;
				CLANG_WARN_BOOL_CONVERSION = YES;
				CLANG_WARN_CONSTANT_CONVERSION = YES;
				CLANG_WARN_DIRECT_OBJC_ISA_USAGE = YES_ERROR;
				CLANG_WARN_DOCUMENTATION_COMMENTS = YES;
				CLANG_WARN_EMPTY_BODY = YES;
				CLANG_WARN_ENUM_CONVERSION = YES;
				CLANG_WARN_INFINITE_RECURSION = YES;
				CLANG_WARN_INT_CONVERSION = YES;
				CLANG_WARN_OBJC_ROOT_CLASS = YES_ERROR;
				CLANG_WARN_SUSPICIOUS_MOVE = YES;
				CLANG_WARN_UNREACHABLE_CODE = YES;
				CLANG_WARN__DUPLICATE_METHOD_MATCH = YES;
				CODE_SIGN_IDENTITY = "-";
				COPY_PHASE_STRIP = NO;
				DEBUG_INFORMATION_FORMAT = dwarf;
				ENABLE_STRICT_OBJC_MSGSEND = YES;
				ENABLE_TESTABILITY = YES;
				GCC_C_LANGUAGE_STANDARD = gnu99;
				GCC_DYNAMIC_NO_PIC = NO;
				GCC_NO_COMMON_BLOCKS = YES;
				GCC_OPTIMIZATION_LEVEL = 0;
				GCC_PREPROCESSOR_DEFINITIONS = (
					"DEBUG=1",
					"$(inherited)",
				);
				GCC_WARN_64_TO_32_BIT_CONVERSION = YES;
				GCC_WARN_ABOUT_RETURN_TYPE = YES_ERROR;
				GCC_WARN_UNDECLARED_SELECTOR = YES;
				GCC_WARN_UNINITIALIZED_AUTOS = YES_AGGRESSIVE;
				GCC_WARN_UNUSED_FUNCTION = YES;
				GCC_WARN_UNUSED_VARIABLE = YES;
				MACOSX_DEPLOYMENT_TARGET = 10.12;
				MTL_ENABLE_DEBUG_INFO = YES;
				ONLY_ACTIVE_ARCH = YES;
				SDKROOT = macosx;
			};
			name = Debug;
		};
		B27BE1B31E4CD638009EB9CB /* Release */ = {
			isa = XCBuildConfiguration;
			buildSettings = {
				ALWAYS_SEARCH_USER_PATHS = NO;
				CLANG_ANALYZER_NONNULL = YES;
				CLANG_CXX_LANGUAGE_STANDARD = "gnu++0x";
				CLANG_CXX_LIBRARY = "libc++";
				CLANG_ENABLE_MODULES = YES;
				CLANG_ENABLE_OBJC_ARC = YES;
				CLANG_WARN_BOOL_CONVERSION = YES;
				CLANG_WARN_CONSTANT_CONVERSION = YES;
				CLANG_WARN_DIRECT_OBJC_ISA_USAGE = YES_ERROR;
				CLANG_WARN_DOCUMENTATION_COMMENTS = YES;
				CLANG_WARN_EMPTY_BODY = YES;
				CLANG_WARN_ENUM_CONVERSION = YES;
				CLANG_WARN_INFINITE_RECURSION = YES;
				CLANG_WARN_INT_CONVERSION = YES;
				CLANG_WARN_OBJC_ROOT_CLASS = YES_ERROR;
				CLANG_WARN_SUSPICIOUS_MOVE = YES;
				CLANG_WARN_UNREACHABLE_CODE = YES;
				CLANG_WARN__DUPLICATE_METHOD_MATCH = YES;
				CODE_SIGN_IDENTITY = "-";
				COPY_PHASE_STRIP = NO;
				DEBUG_INFORMATION_FORMAT = "dwarf-with-dsym";
				ENABLE_NS_ASSERTIONS = NO;
				ENABLE_STRICT_OBJC_MSGSEND = YES;
				GCC_C_LANGUAGE_STANDARD = gnu99;
				GCC_NO_COMMON_BLOCKS = YES;
				GCC_WARN_64_TO_32_BIT_CONVERSION = YES;
				GCC_WARN_ABOUT_RETURN_TYPE = YES_ERROR;
				GCC_WARN_UNDECLARED_SELECTOR = YES;
				GCC_WARN_UNINITIALIZED_AUTOS = YES_AGGRESSIVE;
				GCC_WARN_UNUSED_FUNCTION = YES;
				GCC_WARN_UNUSED_VARIABLE = YES;
				MACOSX_DEPLOYMENT_TARGET = 10.12;
				MTL_ENABLE_DEBUG_INFO = NO;
				SDKROOT = macosx;
			};
			name = Release;
		};
		B27BE1B51E4CD638009EB9CB /* Debug */ = {
			isa = XCBuildConfiguration;
			buildSettings = {
				PRODUCT_NAME = "$(TARGET_NAME)";
			};
			name = Debug;
		};
		B27BE1B61E4CD638009EB9CB /* Release */ = {
			isa = XCBuildConfiguration;
			buildSettings = {
				PRODUCT_NAME = "$(TARGET_NAME)";
			};
			name = Release;
		};
/* End XCBuildConfiguration section */

/* Begin XCConfigurationList section */
		B27BE1A81E4CD638009EB9CB /* Build configuration list for PBXProject "Super market  database" */ = {
			isa = XCConfigurationList;
			buildConfigurations = (
				B27BE1B21E4CD638009EB9CB /* Debug */,
				B27BE1B31E4CD638009EB9CB /* Release */,
			);
			defaultConfigurationIsVisible = 0;
			defaultConfigurationName = Release;
		};
		B27BE1B41E4CD638009EB9CB /* Build configuration list for PBXNativeTarget "Super market  database" */ = {
			isa = XCConfigurationList;
			buildConfigurations = (
				B27BE1B51E4CD638009EB9CB /* Debug */,
				B27BE1B61E4CD638009EB9CB /* Release */,
			);
			defaultConfigurationIsVisible = 0;
			defaultConfigurationName = Release;
		};
/* End XCConfigurationList section */
	};
	rootObject = B27BE1A51E4CD638009EB9CB /* Project object */;
}
